// !$*UTF8*$!
{
	archiveVersion = 1;
	classes = {
	};
	objectVersion = 50;
	objects = {

/* Begin PBXBuildFile section */
		6E07420D21479D7E0053D51E /* tagConfig.json in Resources */ = {isa = PBXBuildFile; fileRef = 6E07420C21479D7E0053D51E /* tagConfig.json */; };
		6E07421B2147B0D80053D51E /* NSString+Json.m in Sources */ = {isa = PBXBuildFile; fileRef = 6E07421A2147B0D80053D51E /* NSString+Json.m */; };
		6E07421E2147BC270053D51E /* URScrolSelectView.m in Sources */ = {isa = PBXBuildFile; fileRef = 6E07421D2147BC270053D51E /* URScrolSelectView.m */; };
		6E0742212147C6E80053D51E /* URMissionSelectTagView.m in Sources */ = {isa = PBXBuildFile; fileRef = 6E0742202147C6E80053D51E /* URMissionSelectTagView.m */; };
		6E074246215221D70053D51E /* URTaskTagView.m in Sources */ = {isa = PBXBuildFile; fileRef = 6E074245215221D70053D51E /* URTaskTagView.m */; };
		6E1FE693210B1C4900CE87ED /* AppDelegate.m in Sources */ = {isa = PBXBuildFile; fileRef = 6E1FE692210B1C4900CE87ED /* AppDelegate.m */; };
		6E1FE696210B1C4900CE87ED /* ViewController.m in Sources */ = {isa = PBXBuildFile; fileRef = 6E1FE695210B1C4900CE87ED /* ViewController.m */; };
		6E1FE699210B1C4900CE87ED /* Main.storyboard in Resources */ = {isa = PBXBuildFile; fileRef = 6E1FE697210B1C4900CE87ED /* Main.storyboard */; };
		6E1FE69B210B1C4B00CE87ED /* Assets.xcassets in Resources */ = {isa = PBXBuildFile; fileRef = 6E1FE69A210B1C4B00CE87ED /* Assets.xcassets */; };
		6E1FE69E210B1C4B00CE87ED /* LaunchScreen.storyboard in Resources */ = {isa = PBXBuildFile; fileRef = 6E1FE69C210B1C4B00CE87ED /* LaunchScreen.storyboard */; };
		6E1FE6A1210B1C4B00CE87ED /* main.m in Sources */ = {isa = PBXBuildFile; fileRef = 6E1FE6A0210B1C4B00CE87ED /* main.m */; };
		6E1FE6AB210B1C4B00CE87ED /* URMissionTests.m in Sources */ = {isa = PBXBuildFile; fileRef = 6E1FE6AA210B1C4B00CE87ED /* URMissionTests.m */; };
		6E1FE6B6210B1C4B00CE87ED /* URMissionUITests.m in Sources */ = {isa = PBXBuildFile; fileRef = 6E1FE6B5210B1C4B00CE87ED /* URMissionUITests.m */; };
		6E1FE6C6210B2A6400CE87ED /* URMissionAddView.m in Sources */ = {isa = PBXBuildFile; fileRef = 6E1FE6C5210B2A6400CE87ED /* URMissionAddView.m */; };
		6E1FE6CA210B313000CE87ED /* URCommonMarco.m in Sources */ = {isa = PBXBuildFile; fileRef = 6E1FE6C8210B313000CE87ED /* URCommonMarco.m */; };
		6E1FE6D1210C6AA500CE87ED /* URRotationPresentAnimation.m in Sources */ = {isa = PBXBuildFile; fileRef = 6E1FE6D0210C6AA500CE87ED /* URRotationPresentAnimation.m */; };
		6E1FE6D5210D97A300CE87ED /* URDataPickerView.m in Sources */ = {isa = PBXBuildFile; fileRef = 6E1FE6D4210D97A300CE87ED /* URDataPickerView.m */; };
		6E1FE6D8210DA55C00CE87ED /* URMissionType.m in Sources */ = {isa = PBXBuildFile; fileRef = 6E1FE6D7210DA55C00CE87ED /* URMissionType.m */; };
		6E1FE6E42110061E00CE87ED /* URMissionModule.m in Sources */ = {isa = PBXBuildFile; fileRef = 6E1FE6E32110061E00CE87ED /* URMissionModule.m */; };
		6E352FDB217ECC0400E12EC5 /* URMissionScheduleViewController.m in Sources */ = {isa = PBXBuildFile; fileRef = 6E352FDA217ECC0400E12EC5 /* URMissionScheduleViewController.m */; };
		6E352FE5217EFB6600E12EC5 /* URNavigateController.m in Sources */ = {isa = PBXBuildFile; fileRef = 6E352FE4217EFB6600E12EC5 /* URNavigateController.m */; };
		6E352FE8217F0D5A00E12EC5 /* QuartzCore.framework in Frameworks */ = {isa = PBXBuildFile; fileRef = 6E352FE7217F0D5A00E12EC5 /* QuartzCore.framework */; };
		6E352FEB217F173C00E12EC5 /* UIView+Shadow.m in Sources */ = {isa = PBXBuildFile; fileRef = 6E352FEA217F173C00E12EC5 /* UIView+Shadow.m */; };
		6E352FEE217F1A6600E12EC5 /* URTextField.m in Sources */ = {isa = PBXBuildFile; fileRef = 6E352FED217F1A6600E12EC5 /* URTextField.m */; };
		6E352FF2217F23FC00E12EC5 /* URNewMissionViewController.m in Sources */ = {isa = PBXBuildFile; fileRef = 6E352FF0217F23FC00E12EC5 /* URNewMissionViewController.m */; };
		6E352FF5217F245100E12EC5 /* NewMissionToolBar.m in Sources */ = {isa = PBXBuildFile; fileRef = 6E352FF4217F245100E12EC5 /* NewMissionToolBar.m */; };
		6E352FFA217F482700E12EC5 /* URDataSelectView.m in Sources */ = {isa = PBXBuildFile; fileRef = 6E352FF9217F482700E12EC5 /* URDataSelectView.m */; };
		6EA34870217F5473009F8427 /* URDatePickerView.m in Sources */ = {isa = PBXBuildFile; fileRef = 6EA3486F217F5473009F8427 /* URDatePickerView.m */; };
		6EB393872133EFC40071D1A6 /* URCalendarView.m in Sources */ = {isa = PBXBuildFile; fileRef = 6EB393862133EFC40071D1A6 /* URCalendarView.m */; };
		6EB3939021342CCE0071D1A6 /* URCalendarData.m in Sources */ = {isa = PBXBuildFile; fileRef = 6EB3938F21342CCE0071D1A6 /* URCalendarData.m */; };
		6EB393932134EEBB0071D1A6 /* URCalenderMonthTableViewCell.m in Sources */ = {isa = PBXBuildFile; fileRef = 6EB393922134EEBB0071D1A6 /* URCalenderMonthTableViewCell.m */; };
		6EB3939721356C080071D1A6 /* URMonthItemCollectionViewCell.m in Sources */ = {isa = PBXBuildFile; fileRef = 6EB3939621356C080071D1A6 /* URMonthItemCollectionViewCell.m */; };
		6EB3939A213574A10071D1A6 /* URMonthInfoCollectionViewCell.m in Sources */ = {isa = PBXBuildFile; fileRef = 6EB39399213574A10071D1A6 /* URMonthInfoCollectionViewCell.m */; };
		6EB3939E213792B30071D1A6 /* URWeekTitleView.m in Sources */ = {isa = PBXBuildFile; fileRef = 6EB3939D213792B30071D1A6 /* URWeekTitleView.m */; };
		6EB393AF213A9CE10071D1A6 /* URMissionHeadLineView.m in Sources */ = {isa = PBXBuildFile; fileRef = 6EB393A7213A9CE00071D1A6 /* URMissionHeadLineView.m */; };
		6EB393B0213A9CE10071D1A6 /* URNewBaseTaskView.m in Sources */ = {isa = PBXBuildFile; fileRef = 6EB393AC213A9CE00071D1A6 /* URNewBaseTaskView.m */; };
		6EB393B1213A9CE10071D1A6 /* URNewTaskNameView.m in Sources */ = {isa = PBXBuildFile; fileRef = 6EB393AD213A9CE00071D1A6 /* URNewTaskNameView.m */; };
		6EB393B2213A9CE10071D1A6 /* URNewTastTimeView.m in Sources */ = {isa = PBXBuildFile; fileRef = 6EB393AE213A9CE00071D1A6 /* URNewTastTimeView.m */; };
		6EB393B8213A9DD50071D1A6 /* URNewTaskSettingView.m in Sources */ = {isa = PBXBuildFile; fileRef = 6EB393B7213A9DD50071D1A6 /* URNewTaskSettingView.m */; };
		6EB393BD213D6B480071D1A6 /* URMultiSelectView.m in Sources */ = {isa = PBXBuildFile; fileRef = 6EB393BC213D6B480071D1A6 /* URMultiSelectView.m */; };
		6ED692E8211FDBB700E360C8 /* URAlertViewUtil.m in Sources */ = {isa = PBXBuildFile; fileRef = 6ED692E7211FDBB700E360C8 /* URAlertViewUtil.m */; };
		6ED692F0212195AA00E360C8 /* URAddMissionViewController.m in Sources */ = {isa = PBXBuildFile; fileRef = 6ED692EE212195AA00E360C8 /* URAddMissionViewController.m */; };
		6ED692F3212195C500E360C8 /* URMissionCardTableViewCell.m in Sources */ = {isa = PBXBuildFile; fileRef = 6ED692F1212195C500E360C8 /* URMissionCardTableViewCell.m */; };
		F78A5A482A31C8D2AE1B75E5 /* Pods_URMission.framework in Frameworks */ = {isa = PBXBuildFile; fileRef = F1E61CEAA09D5ECFBAD51482 /* Pods_URMission.framework */; };
/* End PBXBuildFile section */

/* Begin PBXContainerItemProxy section */
		6E1FE6A7210B1C4B00CE87ED /* PBXContainerItemProxy */ = {
			isa = PBXContainerItemProxy;
			containerPortal = 6E1FE686210B1C4900CE87ED /* Project object */;
			proxyType = 1;
			remoteGlobalIDString = 6E1FE68D210B1C4900CE87ED;
			remoteInfo = URMission;
		};
		6E1FE6B2210B1C4B00CE87ED /* PBXContainerItemProxy */ = {
			isa = PBXContainerItemProxy;
			containerPortal = 6E1FE686210B1C4900CE87ED /* Project object */;
			proxyType = 1;
			remoteGlobalIDString = 6E1FE68D210B1C4900CE87ED;
			remoteInfo = URMission;
		};
/* End PBXContainerItemProxy section */

/* Begin PBXFileReference section */
		6E07420C21479D7E0053D51E /* tagConfig.json */ = {isa = PBXFileReference; fileEncoding = 4; lastKnownFileType = text.json; path = tagConfig.json; sourceTree = "<group>"; };
		6E0742192147B0D80053D51E /* NSString+Json.h */ = {isa = PBXFileReference; lastKnownFileType = sourcecode.c.h; path = "NSString+Json.h"; sourceTree = "<group>"; };
		6E07421A2147B0D80053D51E /* NSString+Json.m */ = {isa = PBXFileReference; lastKnownFileType = sourcecode.c.objc; path = "NSString+Json.m"; sourceTree = "<group>"; };
		6E07421C2147BC270053D51E /* URScrolSelectView.h */ = {isa = PBXFileReference; lastKnownFileType = sourcecode.c.h; path = URScrolSelectView.h; sourceTree = "<group>"; };
		6E07421D2147BC270053D51E /* URScrolSelectView.m */ = {isa = PBXFileReference; lastKnownFileType = sourcecode.c.objc; path = URScrolSelectView.m; sourceTree = "<group>"; };
		6E07421F2147C6E80053D51E /* URMissionSelectTagView.h */ = {isa = PBXFileReference; lastKnownFileType = sourcecode.c.h; path = URMissionSelectTagView.h; sourceTree = "<group>"; };
		6E0742202147C6E80053D51E /* URMissionSelectTagView.m */ = {isa = PBXFileReference; lastKnownFileType = sourcecode.c.objc; path = URMissionSelectTagView.m; sourceTree = "<group>"; };
		6E074244215221D70053D51E /* URTaskTagView.h */ = {isa = PBXFileReference; lastKnownFileType = sourcecode.c.h; path = URTaskTagView.h; sourceTree = "<group>"; };
		6E074245215221D70053D51E /* URTaskTagView.m */ = {isa = PBXFileReference; lastKnownFileType = sourcecode.c.objc; path = URTaskTagView.m; sourceTree = "<group>"; };
		6E1FE68E210B1C4900CE87ED /* URMission.app */ = {isa = PBXFileReference; explicitFileType = wrapper.application; includeInIndex = 0; path = URMission.app; sourceTree = BUILT_PRODUCTS_DIR; };
		6E1FE691210B1C4900CE87ED /* AppDelegate.h */ = {isa = PBXFileReference; lastKnownFileType = sourcecode.c.h; path = AppDelegate.h; sourceTree = "<group>"; };
		6E1FE692210B1C4900CE87ED /* AppDelegate.m */ = {isa = PBXFileReference; lastKnownFileType = sourcecode.c.objc; path = AppDelegate.m; sourceTree = "<group>"; };
		6E1FE694210B1C4900CE87ED /* ViewController.h */ = {isa = PBXFileReference; lastKnownFileType = sourcecode.c.h; path = ViewController.h; sourceTree = "<group>"; };
		6E1FE695210B1C4900CE87ED /* ViewController.m */ = {isa = PBXFileReference; lastKnownFileType = sourcecode.c.objc; path = ViewController.m; sourceTree = "<group>"; };
		6E1FE698210B1C4900CE87ED /* Base */ = {isa = PBXFileReference; lastKnownFileType = file.storyboard; name = Base; path = Base.lproj/Main.storyboard; sourceTree = "<group>"; };
		6E1FE69A210B1C4B00CE87ED /* Assets.xcassets */ = {isa = PBXFileReference; lastKnownFileType = folder.assetcatalog; path = Assets.xcassets; sourceTree = "<group>"; };
		6E1FE69D210B1C4B00CE87ED /* Base */ = {isa = PBXFileReference; lastKnownFileType = file.storyboard; name = Base; path = Base.lproj/LaunchScreen.storyboard; sourceTree = "<group>"; };
		6E1FE69F210B1C4B00CE87ED /* Info.plist */ = {isa = PBXFileReference; lastKnownFileType = text.plist.xml; path = Info.plist; sourceTree = "<group>"; };
		6E1FE6A0210B1C4B00CE87ED /* main.m */ = {isa = PBXFileReference; lastKnownFileType = sourcecode.c.objc; path = main.m; sourceTree = "<group>"; };
		6E1FE6A6210B1C4B00CE87ED /* URMissionTests.xctest */ = {isa = PBXFileReference; explicitFileType = wrapper.cfbundle; includeInIndex = 0; path = URMissionTests.xctest; sourceTree = BUILT_PRODUCTS_DIR; };
		6E1FE6AA210B1C4B00CE87ED /* URMissionTests.m */ = {isa = PBXFileReference; lastKnownFileType = sourcecode.c.objc; path = URMissionTests.m; sourceTree = "<group>"; };
		6E1FE6AC210B1C4B00CE87ED /* Info.plist */ = {isa = PBXFileReference; lastKnownFileType = text.plist.xml; path = Info.plist; sourceTree = "<group>"; };
		6E1FE6B1210B1C4B00CE87ED /* URMissionUITests.xctest */ = {isa = PBXFileReference; explicitFileType = wrapper.cfbundle; includeInIndex = 0; path = URMissionUITests.xctest; sourceTree = BUILT_PRODUCTS_DIR; };
		6E1FE6B5210B1C4B00CE87ED /* URMissionUITests.m */ = {isa = PBXFileReference; lastKnownFileType = sourcecode.c.objc; path = URMissionUITests.m; sourceTree = "<group>"; };
		6E1FE6B7210B1C4B00CE87ED /* Info.plist */ = {isa = PBXFileReference; lastKnownFileType = text.plist.xml; path = Info.plist; sourceTree = "<group>"; };
		6E1FE6C4210B2A6400CE87ED /* URMissionAddView.h */ = {isa = PBXFileReference; lastKnownFileType = sourcecode.c.h; path = URMissionAddView.h; sourceTree = "<group>"; };
		6E1FE6C5210B2A6400CE87ED /* URMissionAddView.m */ = {isa = PBXFileReference; lastKnownFileType = sourcecode.c.objc; path = URMissionAddView.m; sourceTree = "<group>"; };
		6E1FE6C8210B313000CE87ED /* URCommonMarco.m */ = {isa = PBXFileReference; fileEncoding = 4; lastKnownFileType = sourcecode.c.objc; path = URCommonMarco.m; sourceTree = "<group>"; };
		6E1FE6C9210B313000CE87ED /* URCommonMarco.h */ = {isa = PBXFileReference; fileEncoding = 4; lastKnownFileType = sourcecode.c.h; path = URCommonMarco.h; sourceTree = "<group>"; };
		6E1FE6CF210C6AA500CE87ED /* URRotationPresentAnimation.h */ = {isa = PBXFileReference; lastKnownFileType = sourcecode.c.h; path = URRotationPresentAnimation.h; sourceTree = "<group>"; };
		6E1FE6D0210C6AA500CE87ED /* URRotationPresentAnimation.m */ = {isa = PBXFileReference; lastKnownFileType = sourcecode.c.objc; path = URRotationPresentAnimation.m; sourceTree = "<group>"; };
		6E1FE6D3210D97A300CE87ED /* URDataPickerView.h */ = {isa = PBXFileReference; lastKnownFileType = sourcecode.c.h; path = URDataPickerView.h; sourceTree = "<group>"; };
		6E1FE6D4210D97A300CE87ED /* URDataPickerView.m */ = {isa = PBXFileReference; lastKnownFileType = sourcecode.c.objc; path = URDataPickerView.m; sourceTree = "<group>"; };
		6E1FE6D6210DA55C00CE87ED /* URMissionType.h */ = {isa = PBXFileReference; lastKnownFileType = sourcecode.c.h; path = URMissionType.h; sourceTree = "<group>"; };
		6E1FE6D7210DA55C00CE87ED /* URMissionType.m */ = {isa = PBXFileReference; lastKnownFileType = sourcecode.c.objc; path = URMissionType.m; sourceTree = "<group>"; };
		6E1FE6E22110061E00CE87ED /* URMissionModule.h */ = {isa = PBXFileReference; lastKnownFileType = sourcecode.c.h; path = URMissionModule.h; sourceTree = "<group>"; };
		6E1FE6E32110061E00CE87ED /* URMissionModule.m */ = {isa = PBXFileReference; lastKnownFileType = sourcecode.c.objc; path = URMissionModule.m; sourceTree = "<group>"; };
		6E30B2C81A72C14EC49410C6 /* Pods-URMission.release.xcconfig */ = {isa = PBXFileReference; includeInIndex = 1; lastKnownFileType = text.xcconfig; name = "Pods-URMission.release.xcconfig"; path = "Pods/Target Support Files/Pods-URMission/Pods-URMission.release.xcconfig"; sourceTree = "<group>"; };
		6E352FD9217ECC0400E12EC5 /* URMissionScheduleViewController.h */ = {isa = PBXFileReference; lastKnownFileType = sourcecode.c.h; path = URMissionScheduleViewController.h; sourceTree = "<group>"; };
		6E352FDA217ECC0400E12EC5 /* URMissionScheduleViewController.m */ = {isa = PBXFileReference; lastKnownFileType = sourcecode.c.objc; path = URMissionScheduleViewController.m; sourceTree = "<group>"; };
		6E352FE3217EFB6600E12EC5 /* URNavigateController.h */ = {isa = PBXFileReference; lastKnownFileType = sourcecode.c.h; path = URNavigateController.h; sourceTree = "<group>"; };
		6E352FE4217EFB6600E12EC5 /* URNavigateController.m */ = {isa = PBXFileReference; lastKnownFileType = sourcecode.c.objc; path = URNavigateController.m; sourceTree = "<group>"; };
		6E352FE7217F0D5A00E12EC5 /* QuartzCore.framework */ = {isa = PBXFileReference; lastKnownFileType = wrapper.framework; name = QuartzCore.framework; path = System/Library/Frameworks/QuartzCore.framework; sourceTree = SDKROOT; };
		6E352FE9217F173C00E12EC5 /* UIView+Shadow.h */ = {isa = PBXFileReference; lastKnownFileType = sourcecode.c.h; path = "UIView+Shadow.h"; sourceTree = "<group>"; };
		6E352FEA217F173C00E12EC5 /* UIView+Shadow.m */ = {isa = PBXFileReference; lastKnownFileType = sourcecode.c.objc; path = "UIView+Shadow.m"; sourceTree = "<group>"; };
		6E352FEC217F1A6600E12EC5 /* URTextField.h */ = {isa = PBXFileReference; lastKnownFileType = sourcecode.c.h; path = URTextField.h; sourceTree = "<group>"; };
		6E352FED217F1A6600E12EC5 /* URTextField.m */ = {isa = PBXFileReference; lastKnownFileType = sourcecode.c.objc; path = URTextField.m; sourceTree = "<group>"; };
		6E352FF0217F23FC00E12EC5 /* URNewMissionViewController.m */ = {isa = PBXFileReference; fileEncoding = 4; lastKnownFileType = sourcecode.c.objc; path = URNewMissionViewController.m; sourceTree = "<group>"; };
		6E352FF1217F23FC00E12EC5 /* URNewMissionViewController.h */ = {isa = PBXFileReference; fileEncoding = 4; lastKnownFileType = sourcecode.c.h; path = URNewMissionViewController.h; sourceTree = "<group>"; };
		6E352FF3217F245100E12EC5 /* NewMissionToolBar.h */ = {isa = PBXFileReference; lastKnownFileType = sourcecode.c.h; path = NewMissionToolBar.h; sourceTree = "<group>"; };
		6E352FF4217F245100E12EC5 /* NewMissionToolBar.m */ = {isa = PBXFileReference; lastKnownFileType = sourcecode.c.objc; path = NewMissionToolBar.m; sourceTree = "<group>"; };
		6E352FF8217F482700E12EC5 /* URDataSelectView.h */ = {isa = PBXFileReference; lastKnownFileType = sourcecode.c.h; path = URDataSelectView.h; sourceTree = "<group>"; };
		6E352FF9217F482700E12EC5 /* URDataSelectView.m */ = {isa = PBXFileReference; lastKnownFileType = sourcecode.c.objc; path = URDataSelectView.m; sourceTree = "<group>"; };
		6EA3486E217F5473009F8427 /* URDatePickerView.h */ = {isa = PBXFileReference; lastKnownFileType = sourcecode.c.h; path = URDatePickerView.h; sourceTree = "<group>"; };
		6EA3486F217F5473009F8427 /* URDatePickerView.m */ = {isa = PBXFileReference; lastKnownFileType = sourcecode.c.objc; path = URDatePickerView.m; sourceTree = "<group>"; };
		6EB393852133EFC40071D1A6 /* URCalendarView.h */ = {isa = PBXFileReference; lastKnownFileType = sourcecode.c.h; path = URCalendarView.h; sourceTree = "<group>"; };
		6EB393862133EFC40071D1A6 /* URCalendarView.m */ = {isa = PBXFileReference; lastKnownFileType = sourcecode.c.objc; path = URCalendarView.m; sourceTree = "<group>"; };
		6EB3938E21342CCE0071D1A6 /* URCalendarData.h */ = {isa = PBXFileReference; lastKnownFileType = sourcecode.c.h; path = URCalendarData.h; sourceTree = "<group>"; };
		6EB3938F21342CCE0071D1A6 /* URCalendarData.m */ = {isa = PBXFileReference; lastKnownFileType = sourcecode.c.objc; path = URCalendarData.m; sourceTree = "<group>"; };
		6EB393912134EEBB0071D1A6 /* URCalenderMonthTableViewCell.h */ = {isa = PBXFileReference; lastKnownFileType = sourcecode.c.h; path = URCalenderMonthTableViewCell.h; sourceTree = "<group>"; };
		6EB393922134EEBB0071D1A6 /* URCalenderMonthTableViewCell.m */ = {isa = PBXFileReference; lastKnownFileType = sourcecode.c.objc; path = URCalenderMonthTableViewCell.m; sourceTree = "<group>"; };
		6EB3939521356C080071D1A6 /* URMonthItemCollectionViewCell.h */ = {isa = PBXFileReference; lastKnownFileType = sourcecode.c.h; path = URMonthItemCollectionViewCell.h; sourceTree = "<group>"; };
		6EB3939621356C080071D1A6 /* URMonthItemCollectionViewCell.m */ = {isa = PBXFileReference; lastKnownFileType = sourcecode.c.objc; path = URMonthItemCollectionViewCell.m; sourceTree = "<group>"; };
		6EB39398213574A10071D1A6 /* URMonthInfoCollectionViewCell.h */ = {isa = PBXFileReference; lastKnownFileType = sourcecode.c.h; path = URMonthInfoCollectionViewCell.h; sourceTree = "<group>"; };
		6EB39399213574A10071D1A6 /* URMonthInfoCollectionViewCell.m */ = {isa = PBXFileReference; lastKnownFileType = sourcecode.c.objc; path = URMonthInfoCollectionViewCell.m; sourceTree = "<group>"; };
		6EB3939C213792B30071D1A6 /* URWeekTitleView.h */ = {isa = PBXFileReference; lastKnownFileType = sourcecode.c.h; path = URWeekTitleView.h; sourceTree = "<group>"; };
		6EB3939D213792B30071D1A6 /* URWeekTitleView.m */ = {isa = PBXFileReference; lastKnownFileType = sourcecode.c.objc; path = URWeekTitleView.m; sourceTree = "<group>"; };
		6EB393A7213A9CE00071D1A6 /* URMissionHeadLineView.m */ = {isa = PBXFileReference; fileEncoding = 4; lastKnownFileType = sourcecode.c.objc; path = URMissionHeadLineView.m; sourceTree = "<group>"; };
		6EB393A8213A9CE00071D1A6 /* URNewBaseTaskView.h */ = {isa = PBXFileReference; fileEncoding = 4; lastKnownFileType = sourcecode.c.h; path = URNewBaseTaskView.h; sourceTree = "<group>"; };
		6EB393A9213A9CE00071D1A6 /* URMissionHeadLineView.h */ = {isa = PBXFileReference; fileEncoding = 4; lastKnownFileType = sourcecode.c.h; path = URMissionHeadLineView.h; sourceTree = "<group>"; };
		6EB393AA213A9CE00071D1A6 /* URNewTaskNameView.h */ = {isa = PBXFileReference; fileEncoding = 4; lastKnownFileType = sourcecode.c.h; path = URNewTaskNameView.h; sourceTree = "<group>"; };
		6EB393AB213A9CE00071D1A6 /* URNewTastTimeView.h */ = {isa = PBXFileReference; fileEncoding = 4; lastKnownFileType = sourcecode.c.h; path = URNewTastTimeView.h; sourceTree = "<group>"; };
		6EB393AC213A9CE00071D1A6 /* URNewBaseTaskView.m */ = {isa = PBXFileReference; fileEncoding = 4; lastKnownFileType = sourcecode.c.objc; path = URNewBaseTaskView.m; sourceTree = "<group>"; };
		6EB393AD213A9CE00071D1A6 /* URNewTaskNameView.m */ = {isa = PBXFileReference; fileEncoding = 4; lastKnownFileType = sourcecode.c.objc; path = URNewTaskNameView.m; sourceTree = "<group>"; };
		6EB393AE213A9CE00071D1A6 /* URNewTastTimeView.m */ = {isa = PBXFileReference; fileEncoding = 4; lastKnownFileType = sourcecode.c.objc; path = URNewTastTimeView.m; sourceTree = "<group>"; };
		6EB393B6213A9DD50071D1A6 /* URNewTaskSettingView.h */ = {isa = PBXFileReference; lastKnownFileType = sourcecode.c.h; path = URNewTaskSettingView.h; sourceTree = "<group>"; };
		6EB393B7213A9DD50071D1A6 /* URNewTaskSettingView.m */ = {isa = PBXFileReference; lastKnownFileType = sourcecode.c.objc; path = URNewTaskSettingView.m; sourceTree = "<group>"; };
		6EB393BB213D6B480071D1A6 /* URMultiSelectView.h */ = {isa = PBXFileReference; lastKnownFileType = sourcecode.c.h; path = URMultiSelectView.h; sourceTree = "<group>"; };
		6EB393BC213D6B480071D1A6 /* URMultiSelectView.m */ = {isa = PBXFileReference; lastKnownFileType = sourcecode.c.objc; path = URMultiSelectView.m; sourceTree = "<group>"; };
		6ED692E6211FDBB700E360C8 /* URAlertViewUtil.h */ = {isa = PBXFileReference; lastKnownFileType = sourcecode.c.h; path = URAlertViewUtil.h; sourceTree = "<group>"; };
		6ED692E7211FDBB700E360C8 /* URAlertViewUtil.m */ = {isa = PBXFileReference; lastKnownFileType = sourcecode.c.objc; path = URAlertViewUtil.m; sourceTree = "<group>"; };
		6ED692EE212195AA00E360C8 /* URAddMissionViewController.m */ = {isa = PBXFileReference; fileEncoding = 4; lastKnownFileType = sourcecode.c.objc; path = URAddMissionViewController.m; sourceTree = "<group>"; };
		6ED692EF212195AA00E360C8 /* URAddMissionViewController.h */ = {isa = PBXFileReference; fileEncoding = 4; lastKnownFileType = sourcecode.c.h; path = URAddMissionViewController.h; sourceTree = "<group>"; };
		6ED692F1212195C500E360C8 /* URMissionCardTableViewCell.m */ = {isa = PBXFileReference; fileEncoding = 4; lastKnownFileType = sourcecode.c.objc; path = URMissionCardTableViewCell.m; sourceTree = "<group>"; };
		6ED692F2212195C500E360C8 /* URMissionCardTableViewCell.h */ = {isa = PBXFileReference; fileEncoding = 4; lastKnownFileType = sourcecode.c.h; path = URMissionCardTableViewCell.h; sourceTree = "<group>"; };
		8FF53715C24B6BB25CDCEA35 /* Pods-URMission.debug.xcconfig */ = {isa = PBXFileReference; includeInIndex = 1; lastKnownFileType = text.xcconfig; name = "Pods-URMission.debug.xcconfig"; path = "Pods/Target Support Files/Pods-URMission/Pods-URMission.debug.xcconfig"; sourceTree = "<group>"; };
		F1E61CEAA09D5ECFBAD51482 /* Pods_URMission.framework */ = {isa = PBXFileReference; explicitFileType = wrapper.framework; includeInIndex = 0; path = Pods_URMission.framework; sourceTree = BUILT_PRODUCTS_DIR; };
/* End PBXFileReference section */

/* Begin PBXFrameworksBuildPhase section */
		6E1FE68B210B1C4900CE87ED /* Frameworks */ = {
			isa = PBXFrameworksBuildPhase;
			buildActionMask = 2147483647;
			files = (
				6E352FE8217F0D5A00E12EC5 /* QuartzCore.framework in Frameworks */,
				F78A5A482A31C8D2AE1B75E5 /* Pods_URMission.framework in Frameworks */,
			);
			runOnlyForDeploymentPostprocessing = 0;
		};
		6E1FE6A3210B1C4B00CE87ED /* Frameworks */ = {
			isa = PBXFrameworksBuildPhase;
			buildActionMask = 2147483647;
			files = (
			);
			runOnlyForDeploymentPostprocessing = 0;
		};
		6E1FE6AE210B1C4B00CE87ED /* Frameworks */ = {
			isa = PBXFrameworksBuildPhase;
			buildActionMask = 2147483647;
			files = (
			);
			runOnlyForDeploymentPostprocessing = 0;
		};
/* End PBXFrameworksBuildPhase section */

/* Begin PBXGroup section */
		6E07420721467D270053D51E /* Config */ = {
			isa = PBXGroup;
			children = (
				6E07420C21479D7E0053D51E /* tagConfig.json */,
				6E0742192147B0D80053D51E /* NSString+Json.h */,
				6E07421A2147B0D80053D51E /* NSString+Json.m */,
			);
			path = Config;
			sourceTree = "<group>";
		};
		6E1FE685210B1C4900CE87ED = {
			isa = PBXGroup;
			children = (
				6E1FE690210B1C4900CE87ED /* URMission */,
				6E1FE6A9210B1C4B00CE87ED /* URMissionTests */,
				6E1FE6B4210B1C4B00CE87ED /* URMissionUITests */,
				6E1FE68F210B1C4900CE87ED /* Products */,
				E031C11BC4D98DD1BC51FBE1 /* Pods */,
				791BBBFE8B8C3F53F55338DF /* Frameworks */,
			);
			sourceTree = "<group>";
		};
		6E1FE68F210B1C4900CE87ED /* Products */ = {
			isa = PBXGroup;
			children = (
				6E1FE68E210B1C4900CE87ED /* URMission.app */,
				6E1FE6A6210B1C4B00CE87ED /* URMissionTests.xctest */,
				6E1FE6B1210B1C4B00CE87ED /* URMissionUITests.xctest */,
			);
			name = Products;
			sourceTree = "<group>";
		};
		6E1FE690210B1C4900CE87ED /* URMission */ = {
			isa = PBXGroup;
			children = (
				6E352FE2217EFB4800E12EC5 /* Utils */,
				6E352FD8217ECBE300E12EC5 /* MissionTab */,
				6E07420721467D270053D51E /* Config */,
				6E1FE6EF21103DF800CE87ED /* Category */,
				6E1FE6E521103A4000CE87ED /* CommonConfig */,
				6E1FE6D2210D954B00CE87ED /* commonView */,
				6E1FE6C7210B313000CE87ED /* Macro */,
				6E1FE6C3210B2A4A00CE87ED /* Mission */,
				6E1FE691210B1C4900CE87ED /* AppDelegate.h */,
				6E1FE692210B1C4900CE87ED /* AppDelegate.m */,
				6E1FE694210B1C4900CE87ED /* ViewController.h */,
				6E1FE695210B1C4900CE87ED /* ViewController.m */,
				6E1FE697210B1C4900CE87ED /* Main.storyboard */,
				6E1FE69A210B1C4B00CE87ED /* Assets.xcassets */,
				6E1FE69C210B1C4B00CE87ED /* LaunchScreen.storyboard */,
				6E1FE69F210B1C4B00CE87ED /* Info.plist */,
				6E1FE6A0210B1C4B00CE87ED /* main.m */,
				6E1FE6CF210C6AA500CE87ED /* URRotationPresentAnimation.h */,
				6E1FE6D0210C6AA500CE87ED /* URRotationPresentAnimation.m */,
			);
			path = URMission;
			sourceTree = "<group>";
		};
		6E1FE6A9210B1C4B00CE87ED /* URMissionTests */ = {
			isa = PBXGroup;
			children = (
				6E1FE6AA210B1C4B00CE87ED /* URMissionTests.m */,
				6E1FE6AC210B1C4B00CE87ED /* Info.plist */,
			);
			path = URMissionTests;
			sourceTree = "<group>";
		};
		6E1FE6B4210B1C4B00CE87ED /* URMissionUITests */ = {
			isa = PBXGroup;
			children = (
				6E1FE6B5210B1C4B00CE87ED /* URMissionUITests.m */,
				6E1FE6B7210B1C4B00CE87ED /* Info.plist */,
			);
			path = URMissionUITests;
			sourceTree = "<group>";
		};
		6E1FE6C3210B2A4A00CE87ED /* Mission */ = {
			isa = PBXGroup;
			children = (
				6ED692ED2121957D00E360C8 /* View */,
				6ED692EC2121957400E360C8 /* Controller */,
				6E1FE6E12110023200CE87ED /* Module */,
				6E1FE6C4210B2A6400CE87ED /* URMissionAddView.h */,
				6E1FE6C5210B2A6400CE87ED /* URMissionAddView.m */,
				6E1FE6D6210DA55C00CE87ED /* URMissionType.h */,
				6E1FE6D7210DA55C00CE87ED /* URMissionType.m */,
			);
			path = Mission;
			sourceTree = "<group>";
		};
		6E1FE6C7210B313000CE87ED /* Macro */ = {
			isa = PBXGroup;
			children = (
				6E1FE6C8210B313000CE87ED /* URCommonMarco.m */,
				6E1FE6C9210B313000CE87ED /* URCommonMarco.h */,
			);
			path = Macro;
			sourceTree = "<group>";
		};
		6E1FE6D2210D954B00CE87ED /* commonView */ = {
			isa = PBXGroup;
			children = (
				6E1FE6D3210D97A300CE87ED /* URDataPickerView.h */,
				6E1FE6D4210D97A300CE87ED /* URDataPickerView.m */,
				6ED692E6211FDBB700E360C8 /* URAlertViewUtil.h */,
				6ED692E7211FDBB700E360C8 /* URAlertViewUtil.m */,
				6EB393852133EFC40071D1A6 /* URCalendarView.h */,
				6EB393862133EFC40071D1A6 /* URCalendarView.m */,
				6EB3938E21342CCE0071D1A6 /* URCalendarData.h */,
				6EB3938F21342CCE0071D1A6 /* URCalendarData.m */,
				6EB393912134EEBB0071D1A6 /* URCalenderMonthTableViewCell.h */,
				6EB393922134EEBB0071D1A6 /* URCalenderMonthTableViewCell.m */,
				6EB3939521356C080071D1A6 /* URMonthItemCollectionViewCell.h */,
				6EB3939621356C080071D1A6 /* URMonthItemCollectionViewCell.m */,
				6EB39398213574A10071D1A6 /* URMonthInfoCollectionViewCell.h */,
				6EB39399213574A10071D1A6 /* URMonthInfoCollectionViewCell.m */,
				6EB3939C213792B30071D1A6 /* URWeekTitleView.h */,
				6EB3939D213792B30071D1A6 /* URWeekTitleView.m */,
				6EB393BB213D6B480071D1A6 /* URMultiSelectView.h */,
				6EB393BC213D6B480071D1A6 /* URMultiSelectView.m */,
			);
			path = commonView;
			sourceTree = "<group>";
		};
		6E1FE6E12110023200CE87ED /* Module */ = {
			isa = PBXGroup;
			children = (
				6E1FE6E22110061E00CE87ED /* URMissionModule.h */,
				6E1FE6E32110061E00CE87ED /* URMissionModule.m */,
			);
			path = Module;
			sourceTree = "<group>";
		};
		6E1FE6E521103A4000CE87ED /* CommonConfig */ = {
			isa = PBXGroup;
			children = (
				6E07421C2147BC270053D51E /* URScrolSelectView.h */,
				6E07421D2147BC270053D51E /* URScrolSelectView.m */,
			);
			path = CommonConfig;
			sourceTree = "<group>";
		};
		6E1FE6EF21103DF800CE87ED /* Category */ = {
			isa = PBXGroup;
			children = (
			);
			path = Category;
			sourceTree = "<group>";
		};
		6E352FD8217ECBE300E12EC5 /* MissionTab */ = {
			isa = PBXGroup;
			children = (
				6E352FDD217EF7F600E12EC5 /* Controller */,
				6E352FDC217EF7F600E12EC5 /* module */,
				6E352FDE217EF7F600E12EC5 /* view */,
				6E352FD9217ECC0400E12EC5 /* URMissionScheduleViewController.h */,
				6E352FDA217ECC0400E12EC5 /* URMissionScheduleViewController.m */,
			);
			path = MissionTab;
			sourceTree = "<group>";
		};
		6E352FDC217EF7F600E12EC5 /* module */ = {
			isa = PBXGroup;
			children = (
			);
			path = module;
			sourceTree = "<group>";
		};
		6E352FDD217EF7F600E12EC5 /* Controller */ = {
			isa = PBXGroup;
			children = (
				6E352FEF217F23FC00E12EC5 /* NewMission */,
			);
			path = Controller;
			sourceTree = "<group>";
		};
		6E352FDE217EF7F600E12EC5 /* view */ = {
			isa = PBXGroup;
			children = (
			);
			path = view;
			sourceTree = "<group>";
		};
		6E352FE2217EFB4800E12EC5 /* Utils */ = {
			isa = PBXGroup;
			children = (
				6E352FE3217EFB6600E12EC5 /* URNavigateController.h */,
				6E352FE4217EFB6600E12EC5 /* URNavigateController.m */,
				6E352FE9217F173C00E12EC5 /* UIView+Shadow.h */,
				6E352FEA217F173C00E12EC5 /* UIView+Shadow.m */,
				6E352FEC217F1A6600E12EC5 /* URTextField.h */,
				6E352FED217F1A6600E12EC5 /* URTextField.m */,
				6EA3486E217F5473009F8427 /* URDatePickerView.h */,
				6EA3486F217F5473009F8427 /* URDatePickerView.m */,
			);
			path = Utils;
			sourceTree = "<group>";
		};
		6E352FEF217F23FC00E12EC5 /* NewMission */ = {
			isa = PBXGroup;
			children = (
				6E352FF0217F23FC00E12EC5 /* URNewMissionViewController.m */,
				6E352FF1217F23FC00E12EC5 /* URNewMissionViewController.h */,
				6E352FF3217F245100E12EC5 /* NewMissionToolBar.h */,
				6E352FF4217F245100E12EC5 /* NewMissionToolBar.m */,
				6E352FF8217F482700E12EC5 /* URDataSelectView.h */,
				6E352FF9217F482700E12EC5 /* URDataSelectView.m */,
			);
			path = NewMission;
			sourceTree = "<group>";
		};
		6EB393A6213A9CAF0071D1A6 /* Create */ = {
			isa = PBXGroup;
			children = (
				6EB393A9213A9CE00071D1A6 /* URMissionHeadLineView.h */,
				6EB393A7213A9CE00071D1A6 /* URMissionHeadLineView.m */,
				6EB393A8213A9CE00071D1A6 /* URNewBaseTaskView.h */,
				6EB393AC213A9CE00071D1A6 /* URNewBaseTaskView.m */,
				6EB393AA213A9CE00071D1A6 /* URNewTaskNameView.h */,
				6EB393AD213A9CE00071D1A6 /* URNewTaskNameView.m */,
				6EB393AB213A9CE00071D1A6 /* URNewTastTimeView.h */,
				6EB393AE213A9CE00071D1A6 /* URNewTastTimeView.m */,
				6EB393B6213A9DD50071D1A6 /* URNewTaskSettingView.h */,
				6EB393B7213A9DD50071D1A6 /* URNewTaskSettingView.m */,
				6E07421F2147C6E80053D51E /* URMissionSelectTagView.h */,
				6E0742202147C6E80053D51E /* URMissionSelectTagView.m */,
				6E074244215221D70053D51E /* URTaskTagView.h */,
				6E074245215221D70053D51E /* URTaskTagView.m */,
			);
			path = Create;
			sourceTree = "<group>";
		};
		6ED692EC2121957400E360C8 /* Controller */ = {
			isa = PBXGroup;
			children = (
				6ED692EF212195AA00E360C8 /* URAddMissionViewController.h */,
				6ED692EE212195AA00E360C8 /* URAddMissionViewController.m */,
			);
			path = Controller;
			sourceTree = "<group>";
		};
		6ED692ED2121957D00E360C8 /* View */ = {
			isa = PBXGroup;
			children = (
				6EB393A6213A9CAF0071D1A6 /* Create */,
				6ED692F2212195C500E360C8 /* URMissionCardTableViewCell.h */,
				6ED692F1212195C500E360C8 /* URMissionCardTableViewCell.m */,
			);
			path = View;
			sourceTree = "<group>";
		};
		791BBBFE8B8C3F53F55338DF /* Frameworks */ = {
			isa = PBXGroup;
			children = (
				6E352FE7217F0D5A00E12EC5 /* QuartzCore.framework */,
				F1E61CEAA09D5ECFBAD51482 /* Pods_URMission.framework */,
			);
			name = Frameworks;
			sourceTree = "<group>";
		};
		E031C11BC4D98DD1BC51FBE1 /* Pods */ = {
			isa = PBXGroup;
			children = (
				8FF53715C24B6BB25CDCEA35 /* Pods-URMission.debug.xcconfig */,
				6E30B2C81A72C14EC49410C6 /* Pods-URMission.release.xcconfig */,
			);
			name = Pods;
			sourceTree = "<group>";
		};
/* End PBXGroup section */

/* Begin PBXNativeTarget section */
		6E1FE68D210B1C4900CE87ED /* URMission */ = {
			isa = PBXNativeTarget;
			buildConfigurationList = 6E1FE6BA210B1C4B00CE87ED /* Build configuration list for PBXNativeTarget "URMission" */;
			buildPhases = (
				16A20EBED9372AAF4849CB60 /* [CP] Check Pods Manifest.lock */,
				6E1FE68A210B1C4900CE87ED /* Sources */,
				6E1FE68B210B1C4900CE87ED /* Frameworks */,
				6E1FE68C210B1C4900CE87ED /* Resources */,
				E3A01B88370361747364B639 /* [CP] Embed Pods Frameworks */,
			);
			buildRules = (
			);
			dependencies = (
			);
			name = URMission;
			productName = URMission;
			productReference = 6E1FE68E210B1C4900CE87ED /* URMission.app */;
			productType = "com.apple.product-type.application";
		};
		6E1FE6A5210B1C4B00CE87ED /* URMissionTests */ = {
			isa = PBXNativeTarget;
			buildConfigurationList = 6E1FE6BD210B1C4B00CE87ED /* Build configuration list for PBXNativeTarget "URMissionTests" */;
			buildPhases = (
				6E1FE6A2210B1C4B00CE87ED /* Sources */,
				6E1FE6A3210B1C4B00CE87ED /* Frameworks */,
				6E1FE6A4210B1C4B00CE87ED /* Resources */,
			);
			buildRules = (
			);
			dependencies = (
				6E1FE6A8210B1C4B00CE87ED /* PBXTargetDependency */,
			);
			name = URMissionTests;
			productName = URMissionTests;
			productReference = 6E1FE6A6210B1C4B00CE87ED /* URMissionTests.xctest */;
			productType = "com.apple.product-type.bundle.unit-test";
		};
		6E1FE6B0210B1C4B00CE87ED /* URMissionUITests */ = {
			isa = PBXNativeTarget;
			buildConfigurationList = 6E1FE6C0210B1C4B00CE87ED /* Build configuration list for PBXNativeTarget "URMissionUITests" */;
			buildPhases = (
				6E1FE6AD210B1C4B00CE87ED /* Sources */,
				6E1FE6AE210B1C4B00CE87ED /* Frameworks */,
				6E1FE6AF210B1C4B00CE87ED /* Resources */,
			);
			buildRules = (
			);
			dependencies = (
				6E1FE6B3210B1C4B00CE87ED /* PBXTargetDependency */,
			);
			name = URMissionUITests;
			productName = URMissionUITests;
			productReference = 6E1FE6B1210B1C4B00CE87ED /* URMissionUITests.xctest */;
			productType = "com.apple.product-type.bundle.ui-testing";
		};
/* End PBXNativeTarget section */

/* Begin PBXProject section */
		6E1FE686210B1C4900CE87ED /* Project object */ = {
			isa = PBXProject;
			attributes = {
				LastUpgradeCheck = 0940;
				ORGANIZATIONNAME = "lin weiyan";
				TargetAttributes = {
					6E1FE68D210B1C4900CE87ED = {
						CreatedOnToolsVersion = 9.4.1;
					};
					6E1FE6A5210B1C4B00CE87ED = {
						CreatedOnToolsVersion = 9.4.1;
						TestTargetID = 6E1FE68D210B1C4900CE87ED;
					};
					6E1FE6B0210B1C4B00CE87ED = {
						CreatedOnToolsVersion = 9.4.1;
						TestTargetID = 6E1FE68D210B1C4900CE87ED;
					};
				};
			};
			buildConfigurationList = 6E1FE689210B1C4900CE87ED /* Build configuration list for PBXProject "URMission" */;
			compatibilityVersion = "Xcode 9.3";
			developmentRegion = en;
			hasScannedForEncodings = 0;
			knownRegions = (
				en,
				Base,
			);
			mainGroup = 6E1FE685210B1C4900CE87ED;
			productRefGroup = 6E1FE68F210B1C4900CE87ED /* Products */;
			projectDirPath = "";
			projectRoot = "";
			targets = (
				6E1FE68D210B1C4900CE87ED /* URMission */,
				6E1FE6A5210B1C4B00CE87ED /* URMissionTests */,
				6E1FE6B0210B1C4B00CE87ED /* URMissionUITests */,
			);
		};
/* End PBXProject section */

/* Begin PBXResourcesBuildPhase section */
		6E1FE68C210B1C4900CE87ED /* Resources */ = {
			isa = PBXResourcesBuildPhase;
			buildActionMask = 2147483647;
			files = (
				6E07420D21479D7E0053D51E /* tagConfig.json in Resources */,
				6E1FE69E210B1C4B00CE87ED /* LaunchScreen.storyboard in Resources */,
				6E1FE69B210B1C4B00CE87ED /* Assets.xcassets in Resources */,
				6E1FE699210B1C4900CE87ED /* Main.storyboard in Resources */,
			);
			runOnlyForDeploymentPostprocessing = 0;
		};
		6E1FE6A4210B1C4B00CE87ED /* Resources */ = {
			isa = PBXResourcesBuildPhase;
			buildActionMask = 2147483647;
			files = (
			);
			runOnlyForDeploymentPostprocessing = 0;
		};
		6E1FE6AF210B1C4B00CE87ED /* Resources */ = {
			isa = PBXResourcesBuildPhase;
			buildActionMask = 2147483647;
			files = (
			);
			runOnlyForDeploymentPostprocessing = 0;
		};
/* End PBXResourcesBuildPhase section */

/* Begin PBXShellScriptBuildPhase section */
		16A20EBED9372AAF4849CB60 /* [CP] Check Pods Manifest.lock */ = {
			isa = PBXShellScriptBuildPhase;
			buildActionMask = 2147483647;
			files = (
			);
			inputPaths = (
				"${PODS_PODFILE_DIR_PATH}/Podfile.lock",
				"${PODS_ROOT}/Manifest.lock",
			);
			name = "[CP] Check Pods Manifest.lock";
			outputPaths = (
				"$(DERIVED_FILE_DIR)/Pods-URMission-checkManifestLockResult.txt",
			);
			runOnlyForDeploymentPostprocessing = 0;
			shellPath = /bin/sh;
			shellScript = "diff \"${PODS_PODFILE_DIR_PATH}/Podfile.lock\" \"${PODS_ROOT}/Manifest.lock\" > /dev/null\nif [ $? != 0 ] ; then\n    # print error to STDERR\n    echo \"error: The sandbox is not in sync with the Podfile.lock. Run 'pod install' or update your CocoaPods installation.\" >&2\n    exit 1\nfi\n# This output is used by Xcode 'outputs' to avoid re-running this script phase.\necho \"SUCCESS\" > \"${SCRIPT_OUTPUT_FILE_0}\"\n";
			showEnvVarsInLog = 0;
		};
		E3A01B88370361747364B639 /* [CP] Embed Pods Frameworks */ = {
			isa = PBXShellScriptBuildPhase;
			buildActionMask = 2147483647;
			files = (
			);
			inputPaths = (
				"${SRCROOT}/Pods/Target Support Files/Pods-URMission/Pods-URMission-frameworks.sh",
				"${BUILT_PRODUCTS_DIR}/AFNetworking/AFNetworking.framework",
				"${BUILT_PRODUCTS_DIR}/FMDB/FMDB.framework",
				"${BUILT_PRODUCTS_DIR}/Masonry/Masonry.framework",
				"${BUILT_PRODUCTS_DIR}/ProgressHUD/ProgressHUD.framework",
				"${BUILT_PRODUCTS_DIR}/SVPullToRefresh/SVPullToRefresh.framework",
				"${BUILT_PRODUCTS_DIR}/URUtilKit/URUtilKit.framework",
			);
			name = "[CP] Embed Pods Frameworks";
			outputPaths = (
				"${TARGET_BUILD_DIR}/${FRAMEWORKS_FOLDER_PATH}/AFNetworking.framework",
				"${TARGET_BUILD_DIR}/${FRAMEWORKS_FOLDER_PATH}/FMDB.framework",
				"${TARGET_BUILD_DIR}/${FRAMEWORKS_FOLDER_PATH}/Masonry.framework",
				"${TARGET_BUILD_DIR}/${FRAMEWORKS_FOLDER_PATH}/ProgressHUD.framework",
				"${TARGET_BUILD_DIR}/${FRAMEWORKS_FOLDER_PATH}/SVPullToRefresh.framework",
				"${TARGET_BUILD_DIR}/${FRAMEWORKS_FOLDER_PATH}/URUtilKit.framework",
			);
			runOnlyForDeploymentPostprocessing = 0;
			shellPath = /bin/sh;
			shellScript = "\"${SRCROOT}/Pods/Target Support Files/Pods-URMission/Pods-URMission-frameworks.sh\"\n";
			showEnvVarsInLog = 0;
		};
/* End PBXShellScriptBuildPhase section */

/* Begin PBXSourcesBuildPhase section */
		6E1FE68A210B1C4900CE87ED /* Sources */ = {
			isa = PBXSourcesBuildPhase;
			buildActionMask = 2147483647;
			files = (
				6EB393B0213A9CE10071D1A6 /* URNewBaseTaskView.m in Sources */,
				6E0742212147C6E80053D51E /* URMissionSelectTagView.m in Sources */,
				6E1FE696210B1C4900CE87ED /* ViewController.m in Sources */,
				6E074246215221D70053D51E /* URTaskTagView.m in Sources */,
				6EB3939721356C080071D1A6 /* URMonthItemCollectionViewCell.m in Sources */,
				6EB393932134EEBB0071D1A6 /* URCalenderMonthTableViewCell.m in Sources */,
				6E352FE5217EFB6600E12EC5 /* URNavigateController.m in Sources */,
				6E1FE6CA210B313000CE87ED /* URCommonMarco.m in Sources */,
				6EB3939E213792B30071D1A6 /* URWeekTitleView.m in Sources */,
				6E1FE6D1210C6AA500CE87ED /* URRotationPresentAnimation.m in Sources */,
				6EB3939A213574A10071D1A6 /* URMonthInfoCollectionViewCell.m in Sources */,
				6EA34870217F5473009F8427 /* URDatePickerView.m in Sources */,
				6E352FF5217F245100E12EC5 /* NewMissionToolBar.m in Sources */,
				6E1FE6E42110061E00CE87ED /* URMissionModule.m in Sources */,
				6EB393B8213A9DD50071D1A6 /* URNewTaskSettingView.m in Sources */,
				6ED692F0212195AA00E360C8 /* URAddMissionViewController.m in Sources */,
				6E352FDB217ECC0400E12EC5 /* URMissionScheduleViewController.m in Sources */,
				6ED692F3212195C500E360C8 /* URMissionCardTableViewCell.m in Sources */,
				6EB393B1213A9CE10071D1A6 /* URNewTaskNameView.m in Sources */,
				6EB393B2213A9CE10071D1A6 /* URNewTastTimeView.m in Sources */,
				6EB3939021342CCE0071D1A6 /* URCalendarData.m in Sources */,
				6E1FE6A1210B1C4B00CE87ED /* main.m in Sources */,
				6E352FEB217F173C00E12EC5 /* UIView+Shadow.m in Sources */,
				6E1FE6C6210B2A6400CE87ED /* URMissionAddView.m in Sources */,
				6E07421E2147BC270053D51E /* URScrolSelectView.m in Sources */,
				6E1FE693210B1C4900CE87ED /* AppDelegate.m in Sources */,
				6E1FE6D8210DA55C00CE87ED /* URMissionType.m in Sources */,
				6E07421B2147B0D80053D51E /* NSString+Json.m in Sources */,
				6EB393AF213A9CE10071D1A6 /* URMissionHeadLineView.m in Sources */,
				6ED692E8211FDBB700E360C8 /* URAlertViewUtil.m in Sources */,
				6E352FEE217F1A6600E12EC5 /* URTextField.m in Sources */,
				6EB393BD213D6B480071D1A6 /* URMultiSelectView.m in Sources */,
				6E352FFA217F482700E12EC5 /* URDataSelectView.m in Sources */,
				6E352FF2217F23FC00E12EC5 /* URNewMissionViewController.m in Sources */,
				6E1FE6D5210D97A300CE87ED /* URDataPickerView.m in Sources */,
				6EB393872133EFC40071D1A6 /* URCalendarView.m in Sources */,
			);
			runOnlyForDeploymentPostprocessing = 0;
		};
		6E1FE6A2210B1C4B00CE87ED /* Sources */ = {
			isa = PBXSourcesBuildPhase;
			buildActionMask = 2147483647;
			files = (
				6E1FE6AB210B1C4B00CE87ED /* URMissionTests.m in Sources */,
			);
			runOnlyForDeploymentPostprocessing = 0;
		};
		6E1FE6AD210B1C4B00CE87ED /* Sources */ = {
			isa = PBXSourcesBuildPhase;
			buildActionMask = 2147483647;
			files = (
				6E1FE6B6210B1C4B00CE87ED /* URMissionUITests.m in Sources */,
			);
			runOnlyForDeploymentPostprocessing = 0;
		};
/* End PBXSourcesBuildPhase section */

/* Begin PBXTargetDependency section */
		6E1FE6A8210B1C4B00CE87ED /* PBXTargetDependency */ = {
			isa = PBXTargetDependency;
			target = 6E1FE68D210B1C4900CE87ED /* URMission */;
			targetProxy = 6E1FE6A7210B1C4B00CE87ED /* PBXContainerItemProxy */;
		};
		6E1FE6B3210B1C4B00CE87ED /* PBXTargetDependency */ = {
			isa = PBXTargetDependency;
			target = 6E1FE68D210B1C4900CE87ED /* URMission */;
			targetProxy = 6E1FE6B2210B1C4B00CE87ED /* PBXContainerItemProxy */;
		};
/* End PBXTargetDependency section */

/* Begin PBXVariantGroup section */
		6E1FE697210B1C4900CE87ED /* Main.storyboard */ = {
			isa = PBXVariantGroup;
			children = (
				6E1FE698210B1C4900CE87ED /* Base */,
			);
			name = Main.storyboard;
			sourceTree = "<group>";
		};
		6E1FE69C210B1C4B00CE87ED /* LaunchScreen.storyboard */ = {
			isa = PBXVariantGroup;
			children = (
				6E1FE69D210B1C4B00CE87ED /* Base */,
			);
			name = LaunchScreen.storyboard;
			sourceTree = "<group>";
		};
/* End PBXVariantGroup section */

/* Begin XCBuildConfiguration section */
		6E1FE6B8210B1C4B00CE87ED /* Debug */ = {
			isa = XCBuildConfiguration;
			buildSettings = {
				ALWAYS_SEARCH_USER_PATHS = NO;
				CLANG_ANALYZER_NONNULL = YES;
				CLANG_ANALYZER_NUMBER_OBJECT_CONVERSION = YES_AGGRESSIVE;
				CLANG_CXX_LANGUAGE_STANDARD = "gnu++14";
				CLANG_CXX_LIBRARY = "libc++";
				CLANG_ENABLE_MODULES = YES;
				CLANG_ENABLE_OBJC_ARC = YES;
				CLANG_ENABLE_OBJC_WEAK = YES;
				CLANG_WARN_BLOCK_CAPTURE_AUTORELEASING = YES;
				CLANG_WARN_BOOL_CONVERSION = YES;
				CLANG_WARN_COMMA = YES;
				CLANG_WARN_CONSTANT_CONVERSION = YES;
				CLANG_WARN_DEPRECATED_OBJC_IMPLEMENTATIONS = YES;
				CLANG_WARN_DIRECT_OBJC_ISA_USAGE = YES_ERROR;
				CLANG_WARN_DOCUMENTATION_COMMENTS = YES;
				CLANG_WARN_EMPTY_BODY = YES;
				CLANG_WARN_ENUM_CONVERSION = YES;
				CLANG_WARN_INFINITE_RECURSION = YES;
				CLANG_WARN_INT_CONVERSION = YES;
				CLANG_WARN_NON_LITERAL_NULL_CONVERSION = YES;
				CLANG_WARN_OBJC_IMPLICIT_RETAIN_SELF = YES;
				CLANG_WARN_OBJC_LITERAL_CONVERSION = YES;
				CLANG_WARN_OBJC_ROOT_CLASS = YES_ERROR;
				CLANG_WARN_RANGE_LOOP_ANALYSIS = YES;
				CLANG_WARN_STRICT_PROTOTYPES = YES;
				CLANG_WARN_SUSPICIOUS_MOVE = YES;
				CLANG_WARN_UNGUARDED_AVAILABILITY = YES_AGGRESSIVE;
				CLANG_WARN_UNREACHABLE_CODE = YES;
				CLANG_WARN__DUPLICATE_METHOD_MATCH = YES;
				CODE_SIGN_IDENTITY = "iPhone Developer";
				COPY_PHASE_STRIP = NO;
				DEBUG_INFORMATION_FORMAT = dwarf;
				ENABLE_STRICT_OBJC_MSGSEND = YES;
				ENABLE_TESTABILITY = YES;
				GCC_C_LANGUAGE_STANDARD = gnu11;
				GCC_DYNAMIC_NO_PIC = NO;
				GCC_NO_COMMON_BLOCKS = YES;
				GCC_OPTIMIZATION_LEVEL = 0;
				GCC_PREPROCESSOR_DEFINITIONS = (
					"DEBUG=1",
					"$(inherited)",
				);
				GCC_WARN_64_TO_32_BIT_CONVERSION = YES;
				GCC_WARN_ABOUT_RETURN_TYPE = YES_ERROR;
				GCC_WARN_UNDECLARED_SELECTOR = YES;
				GCC_WARN_UNINITIALIZED_AUTOS = YES_AGGRESSIVE;
				GCC_WARN_UNUSED_FUNCTION = YES;
				GCC_WARN_UNUSED_VARIABLE = YES;
				IPHONEOS_DEPLOYMENT_TARGET = 11.4;
				MTL_ENABLE_DEBUG_INFO = YES;
				ONLY_ACTIVE_ARCH = YES;
				SDKROOT = iphoneos;
			};
			name = Debug;
		};
		6E1FE6B9210B1C4B00CE87ED /* Release */ = {
			isa = XCBuildConfiguration;
			buildSettings = {
				ALWAYS_SEARCH_USER_PATHS = NO;
				CLANG_ANALYZER_NONNULL = YES;
				CLANG_ANALYZER_NUMBER_OBJECT_CONVERSION = YES_AGGRESSIVE;
				CLANG_CXX_LANGUAGE_STANDARD = "gnu++14";
				CLANG_CXX_LIBRARY = "libc++";
				CLANG_ENABLE_MODULES = YES;
				CLANG_ENABLE_OBJC_ARC = YES;
				CLANG_ENABLE_OBJC_WEAK = YES;
				CLANG_WARN_BLOCK_CAPTURE_AUTORELEASING = YES;
				CLANG_WARN_BOOL_CONVERSION = YES;
				CLANG_WARN_COMMA = YES;
				CLANG_WARN_CONSTANT_CONVERSION = YES;
				CLANG_WARN_DEPRECATED_OBJC_IMPLEMENTATIONS = YES;
				CLANG_WARN_DIRECT_OBJC_ISA_USAGE = YES_ERROR;
				CLANG_WARN_DOCUMENTATION_COMMENTS = YES;
				CLANG_WARN_EMPTY_BODY = YES;
				CLANG_WARN_ENUM_CONVERSION = YES;
				CLANG_WARN_INFINITE_RECURSION = YES;
				CLANG_WARN_INT_CONVERSION = YES;
				CLANG_WARN_NON_LITERAL_NULL_CONVERSION = YES;
				CLANG_WARN_OBJC_IMPLICIT_RETAIN_SELF = YES;
				CLANG_WARN_OBJC_LITERAL_CONVERSION = YES;
				CLANG_WARN_OBJC_ROOT_CLASS = YES_ERROR;
				CLANG_WARN_RANGE_LOOP_ANALYSIS = YES;
				CLANG_WARN_STRICT_PROTOTYPES = YES;
				CLANG_WARN_SUSPICIOUS_MOVE = YES;
				CLANG_WARN_UNGUARDED_AVAILABILITY = YES_AGGRESSIVE;
				CLANG_WARN_UNREACHABLE_CODE = YES;
				CLANG_WARN__DUPLICATE_METHOD_MATCH = YES;
				CODE_SIGN_IDENTITY = "iPhone Developer";
				COPY_PHASE_STRIP = NO;
				DEBUG_INFORMATION_FORMAT = "dwarf-with-dsym";
				ENABLE_NS_ASSERTIONS = NO;
				ENABLE_STRICT_OBJC_MSGSEND = YES;
				GCC_C_LANGUAGE_STANDARD = gnu11;
				GCC_NO_COMMON_BLOCKS = YES;
				GCC_WARN_64_TO_32_BIT_CONVERSION = YES;
				GCC_WARN_ABOUT_RETURN_TYPE = YES_ERROR;
				GCC_WARN_UNDECLARED_SELECTOR = YES;
				GCC_WARN_UNINITIALIZED_AUTOS = YES_AGGRESSIVE;
				GCC_WARN_UNUSED_FUNCTION = YES;
				GCC_WARN_UNUSED_VARIABLE = YES;
				IPHONEOS_DEPLOYMENT_TARGET = 11.4;
				MTL_ENABLE_DEBUG_INFO = NO;
				SDKROOT = iphoneos;
				VALIDATE_PRODUCT = YES;
			};
			name = Release;
		};
		6E1FE6BB210B1C4B00CE87ED /* Debug */ = {
			isa = XCBuildConfiguration;
			baseConfigurationReference = 8FF53715C24B6BB25CDCEA35 /* Pods-URMission.debug.xcconfig */;
			buildSettings = {
				ASSETCATALOG_COMPILER_APPICON_NAME = AppIcon;
				CODE_SIGN_STYLE = Automatic;
				DEVELOPMENT_TEAM = PJD5F25QWG;
				INFOPLIST_FILE = URMission/Info.plist;
				IPHONEOS_DEPLOYMENT_TARGET = 9.0;
				LD_RUNPATH_SEARCH_PATHS = (
					"$(inherited)",
					"@executable_path/Frameworks",
				);
				PRODUCT_BUNDLE_IDENTIFIER = com.unreal.URMission;
				PRODUCT_NAME = "$(TARGET_NAME)";
				TARGETED_DEVICE_FAMILY = "1,2";
			};
			name = Debug;
		};
		6E1FE6BC210B1C4B00CE87ED /* Release */ = {
			isa = XCBuildConfiguration;
			baseConfigurationReference = 6E30B2C81A72C14EC49410C6 /* Pods-URMission.release.xcconfig */;
			buildSettings = {
				ASSETCATALOG_COMPILER_APPICON_NAME = AppIcon;
				CODE_SIGN_STYLE = Automatic;
				DEVELOPMENT_TEAM = PJD5F25QWG;
				INFOPLIST_FILE = URMission/Info.plist;
				IPHONEOS_DEPLOYMENT_TARGET = 9.0;
				LD_RUNPATH_SEARCH_PATHS = (
					"$(inherited)",
					"@executable_path/Frameworks",
				);
				PRODUCT_BUNDLE_IDENTIFIER = com.unreal.URMission;
				PRODUCT_NAME = "$(TARGET_NAME)";
				TARGETED_DEVICE_FAMILY = "1,2";
			};
			name = Release;
		};
		6E1FE6BE210B1C4B00CE87ED /* Debug */ = {
			isa = XCBuildConfiguration;
			buildSettings = {
				BUNDLE_LOADER = "$(TEST_HOST)";
				CODE_SIGN_STYLE = Automatic;
				DEVELOPMENT_TEAM = PJD5F25QWG;
				INFOPLIST_FILE = URMissionTests/Info.plist;
				LD_RUNPATH_SEARCH_PATHS = (
					"$(inherited)",
					"@executable_path/Frameworks",
					"@loader_path/Frameworks",
				);
				PRODUCT_BUNDLE_IDENTIFIER = com.unreal.URMissionTests;
				PRODUCT_NAME = "$(TARGET_NAME)";
				TARGETED_DEVICE_FAMILY = "1,2";
				TEST_HOST = "$(BUILT_PRODUCTS_DIR)/URMission.app/URMission";
			};
			name = Debug;
		};
		6E1FE6BF210B1C4B00CE87ED /* Release */ = {
			isa = XCBuildConfiguration;
			buildSettings = {
				BUNDLE_LOADER = "$(TEST_HOST)";
				CODE_SIGN_STYLE = Automatic;
				DEVELOPMENT_TEAM = PJD5F25QWG;
				INFOPLIST_FILE = URMissionTests/Info.plist;
				LD_RUNPATH_SEARCH_PATHS = (
					"$(inherited)",
					"@executable_path/Frameworks",
					"@loader_path/Frameworks",
				);
				PRODUCT_BUNDLE_IDENTIFIER = com.unreal.URMissionTests;
				PRODUCT_NAME = "$(TARGET_NAME)";
				TARGETED_DEVICE_FAMILY = "1,2";
				TEST_HOST = "$(BUILT_PRODUCTS_DIR)/URMission.app/URMission";
			};
			name = Release;
		};
		6E1FE6C1210B1C4B00CE87ED /* Debug */ = {
			isa = XCBuildConfiguration;
			buildSettings = {
				CODE_SIGN_STYLE = Automatic;
				DEVELOPMENT_TEAM = PJD5F25QWG;
				INFOPLIST_FILE = URMissionUITests/Info.plist;
				LD_RUNPATH_SEARCH_PATHS = (
					"$(inherited)",
					"@executable_path/Frameworks",
					"@loader_path/Frameworks",
				);
				PRODUCT_BUNDLE_IDENTIFIER = com.unreal.URMissionUITests;
				PRODUCT_NAME = "$(TARGET_NAME)";
				TARGETED_DEVICE_FAMILY = "1,2";
				TEST_TARGET_NAME = URMission;
			};
			name = Debug;
		};
		6E1FE6C2210B1C4B00CE87ED /* Release */ = {
			isa = XCBuildConfiguration;
			buildSettings = {
				CODE_SIGN_STYLE = Automatic;
				DEVELOPMENT_TEAM = PJD5F25QWG;
				INFOPLIST_FILE = URMissionUITests/Info.plist;
				LD_RUNPATH_SEARCH_PATHS = (
					"$(inherited)",
					"@executable_path/Frameworks",
					"@loader_path/Frameworks",
				);
				PRODUCT_BUNDLE_IDENTIFIER = com.unreal.URMissionUITests;
				PRODUCT_NAME = "$(TARGET_NAME)";
				TARGETED_DEVICE_FAMILY = "1,2";
				TEST_TARGET_NAME = URMission;
			};
			name = Release;
		};
/* End XCBuildConfiguration section */

/* Begin XCConfigurationList section */
		6E1FE689210B1C4900CE87ED /* Build configuration list for PBXProject "URMission" */ = {
			isa = XCConfigurationList;
			buildConfigurations = (
				6E1FE6B8210B1C4B00CE87ED /* Debug */,
				6E1FE6B9210B1C4B00CE87ED /* Release */,
			);
			defaultConfigurationIsVisible = 0;
			defaultConfigurationName = Release;
		};
		6E1FE6BA210B1C4B00CE87ED /* Build configuration list for PBXNativeTarget "URMission" */ = {
			isa = XCConfigurationList;
			buildConfigurations = (
				6E1FE6BB210B1C4B00CE87ED /* Debug */,
				6E1FE6BC210B1C4B00CE87ED /* Release */,
			);
			defaultConfigurationIsVisible = 0;
			defaultConfigurationName = Release;
		};
		6E1FE6BD210B1C4B00CE87ED /* Build configuration list for PBXNativeTarget "URMissionTests" */ = {
			isa = XCConfigurationList;
			buildConfigurations = (
				6E1FE6BE210B1C4B00CE87ED /* Debug */,
				6E1FE6BF210B1C4B00CE87ED /* Release */,
			);
			defaultConfigurationIsVisible = 0;
			defaultConfigurationName = Release;
		};
		6E1FE6C0210B1C4B00CE87ED /* Build configuration list for PBXNativeTarget "URMissionUITests" */ = {
			isa = XCConfigurationList;
			buildConfigurations = (
				6E1FE6C1210B1C4B00CE87ED /* Debug */,
				6E1FE6C2210B1C4B00CE87ED /* Release */,
			);
			defaultConfigurationIsVisible = 0;
			defaultConfigurationName = Release;
		};
/* End XCConfigurationList section */
	};
	rootObject = 6E1FE686210B1C4900CE87ED /* Project object */;
}
